
Microsoft Visual Studio Solution File, Format Version 12.00
# Visual Studio 15
VisualStudioVersion = 15.0.26730.16
MinimumVisualStudioVersion = 10.0.40219.1
Project("{FAE04EC0-301F-11D3-BF4B-00C04F79EFBC}") = "Assignment 2", "Assignment 2\Assignment 2.csproj", "{F4E7D014-0666-46F5-A97D-A9E150629EF1}"
EndProject
Global
	GlobalSection(SolutionConfigurationPlatforms) = preSolution
		Debug|Any CPU = Debug|Any CPU
		Release|Any CPU = Release|Any CPU
	EndGlobalSection
	GlobalSection(ProjectConfigurationPlatforms) = postSolution
		{F4E7D014-0666-46F5-A97D-A9E150629EF1}.Debug|Any CPU.ActiveCfg = Debug|Any CPU
		{F4E7D014-0666-46F5-A97D-A9E150629EF1}.Debug|Any CPU.Build.0 = Debug|Any CPU
		{F4E7D014-0666-46F5-A97D-A9E150629EF1}.Release|Any CPU.ActiveCfg = Release|Any CPU
		{F4E7D014-0666-46F5-A97D-A9E150629EF1}.Release|Any CPU.Build.0 = Release|Any CPU
	EndGlobalSection
	GlobalSection(SolutionProperties) = preSolution
		HideSolutionNode = FALSE
	EndGlobalSection
	GlobalSection(ExtensibilityGlobals) = postSolution
		SolutionGuid = {AAA71EAD-0E53-4C16-B258-77D0B66AE7B5}
	EndGlobalSection
EndGlobal
